<?xml version="1.0" encoding="UTF-8" standalone="yes" ?>
<CodeBlocks_project_file>
   <FileVersion major="1" minor="6" />
   <Project>
      <Option title="Project" />
      <Option makefile_is_custom="1" />
      <Option compiler="gcc" />
      <Option virtualFolders="CMake Files\;" />
      <Build>
      <Target title="all">
         <Option working_dir="/home/anton/bep_nedtrain_2014/solver/testsuite" />
         <Option type="4" />
         <MakeCommands>
            <Build command="/usr/bin/make -f &quot;/home/anton/bep_nedtrain_2014/solver/testsuite/Makefile&quot;  VERBOSE=1 all" />
            <CompileFile command="/usr/bin/make -f &quot;/home/anton/bep_nedtrain_2014/solver/testsuite/Makefile&quot;  VERBOSE=1 &quot;$file&quot;" />
            <Clean command="/usr/bin/make -f &quot;/home/anton/bep_nedtrain_2014/solver/testsuite/Makefile&quot;  VERBOSE=1 clean" />
            <DistClean command="/usr/bin/make -f &quot;/home/anton/bep_nedtrain_2014/solver/testsuite/Makefile&quot;  VERBOSE=1 clean" />
         </MakeCommands>
      </Target>
      <Target title="rebuild_cache">
         <Option working_dir="/home/anton/bep_nedtrain_2014/solver/testsuite" />
         <Option type="4" />
         <MakeCommands>
            <Build command="/usr/bin/make -f &quot;/home/anton/bep_nedtrain_2014/solver/testsuite/Makefile&quot;  VERBOSE=1 rebuild_cache" />
            <CompileFile command="/usr/bin/make -f &quot;/home/anton/bep_nedtrain_2014/solver/testsuite/Makefile&quot;  VERBOSE=1 &quot;$file&quot;" />
            <Clean command="/usr/bin/make -f &quot;/home/anton/bep_nedtrain_2014/solver/testsuite/Makefile&quot;  VERBOSE=1 clean" />
            <DistClean command="/usr/bin/make -f &quot;/home/anton/bep_nedtrain_2014/solver/testsuite/Makefile&quot;  VERBOSE=1 clean" />
         </MakeCommands>
      </Target>
      <Target title="testsuite">
         <Option output="/home/anton/bep_nedtrain_2014/solver/testsuite/testsuite" prefix_auto="0" extension_auto="0" />
         <Option working_dir="/home/anton/bep_nedtrain_2014/solver/testsuite" />
         <Option object_output="./" />
         <Option type="1" />
         <Option compiler="gcc" />
         <Compiler>
            <Add directory="/home/anton/bep_nedtrain_2014/solver/testsuite/../../coin-Clp/CoinUtils/src" />
            <Add directory="/home/anton/bep_nedtrain_2014/solver/testsuite/../../coin-Clp/include/coin" />
         </Compiler>
         <MakeCommands>
            <Build command="/usr/bin/make -f &quot;/home/anton/bep_nedtrain_2014/solver/testsuite/Makefile&quot;  VERBOSE=1 testsuite" />
            <CompileFile command="/usr/bin/make -f &quot;/home/anton/bep_nedtrain_2014/solver/testsuite/Makefile&quot;  VERBOSE=1 &quot;$file&quot;" />
            <Clean command="/usr/bin/make -f &quot;/home/anton/bep_nedtrain_2014/solver/testsuite/Makefile&quot;  VERBOSE=1 clean" />
            <DistClean command="/usr/bin/make -f &quot;/home/anton/bep_nedtrain_2014/solver/testsuite/Makefile&quot;  VERBOSE=1 clean" />
         </MakeCommands>
      </Target>
      <Target title="testsuite/fast">
         <Option output="/home/anton/bep_nedtrain_2014/solver/testsuite/testsuite" prefix_auto="0" extension_auto="0" />
         <Option working_dir="/home/anton/bep_nedtrain_2014/solver/testsuite" />
         <Option object_output="./" />
         <Option type="1" />
         <Option compiler="gcc" />
         <Compiler>
            <Add directory="/home/anton/bep_nedtrain_2014/solver/testsuite/../../coin-Clp/CoinUtils/src" />
            <Add directory="/home/anton/bep_nedtrain_2014/solver/testsuite/../../coin-Clp/include/coin" />
         </Compiler>
         <MakeCommands>
            <Build command="/usr/bin/make -f &quot;/home/anton/bep_nedtrain_2014/solver/testsuite/Makefile&quot;  VERBOSE=1 testsuite/fast" />
            <CompileFile command="/usr/bin/make -f &quot;/home/anton/bep_nedtrain_2014/solver/testsuite/Makefile&quot;  VERBOSE=1 &quot;$file&quot;" />
            <Clean command="/usr/bin/make -f &quot;/home/anton/bep_nedtrain_2014/solver/testsuite/Makefile&quot;  VERBOSE=1 clean" />
            <DistClean command="/usr/bin/make -f &quot;/home/anton/bep_nedtrain_2014/solver/testsuite/Makefile&quot;  VERBOSE=1 clean" />
         </MakeCommands>
      </Target>
      </Build>
      <Unit filename="/home/anton/bep_nedtrain_2014/solver/src/constraints.cpp">
      </Unit>
      <Unit filename="/home/anton/bep_nedtrain_2014/solver/src/flexibility.cpp">
      </Unit>
      <Unit filename="/home/anton/bep_nedtrain_2014/solver/src/tmsp.cpp">
      </Unit>
      <Unit filename="/home/anton/bep_nedtrain_2014/solver/testsuite/testsuite.cpp">
      </Unit>
      <Unit filename="/home/anton/bep_nedtrain_2014/solver/src/constraints.h">
      </Unit>
      <Unit filename="/home/anton/bep_nedtrain_2014/solver/src/flexibility.h">
      </Unit>
      <Unit filename="/home/anton/bep_nedtrain_2014/solver/src/tmsp.h">
      </Unit>
      <Unit filename="/home/anton/bep_nedtrain_2014/solver/testsuite/CMakeLists.txt">
          <Option virtualFolder="CMake Files\" />
      </Unit>
   </Project>
</CodeBlocks_project_file>
